
Microsoft Visual Studio Solution File, Format Version 12.00
# Visual Studio Version 16
VisualStudioVersion = 16.0.29123.88
MinimumVisualStudioVersion = 10.0.40219.1
Project("{9A19103F-16F7-4668-BE54-9A1E7A4F7556}") = "MiniPC_Library", "MiniPC_Core\MiniPC_Library.csproj", "{7744413A-2D46-4C60-85E8-B16C693EB098}"
EndProject
Project("{FAE04EC0-301F-11D3-BF4B-00C04F79EFBC}") = "MiniPC_Console", "MiniPC_Console\MiniPC_Console.csproj", "{FF098C33-F58A-4EBB-A643-68325C55F3E4}"
EndProject
Global
	GlobalSection(SolutionConfigurationPlatforms) = preSolution
		Debug|Any CPU = Debug|Any CPU
		Release|Any CPU = Release|Any CPU
	EndGlobalSection
	GlobalSection(ProjectConfigurationPlatforms) = postSolution
		{7744413A-2D46-4C60-85E8-B16C693EB098}.Debug|Any CPU.ActiveCfg = Debug|Any CPU
		{7744413A-2D46-4C60-85E8-B16C693EB098}.Debug|Any CPU.Build.0 = Debug|Any CPU
		{7744413A-2D46-4C60-85E8-B16C693EB098}.Release|Any CPU.ActiveCfg = Release|Any CPU
		{7744413A-2D46-4C60-85E8-B16C693EB098}.Release|Any CPU.Build.0 = Release|Any CPU
		{FF098C33-F58A-4EBB-A643-68325C55F3E4}.Debug|Any CPU.ActiveCfg = Debug|Any CPU
		{FF098C33-F58A-4EBB-A643-68325C55F3E4}.Debug|Any CPU.Build.0 = Debug|Any CPU
		{FF098C33-F58A-4EBB-A643-68325C55F3E4}.Release|Any CPU.ActiveCfg = Release|Any CPU
		{FF098C33-F58A-4EBB-A643-68325C55F3E4}.Release|Any CPU.Build.0 = Release|Any CPU
	EndGlobalSection
	GlobalSection(SolutionProperties) = preSolution
		HideSolutionNode = FALSE
	EndGlobalSection
	GlobalSection(ExtensibilityGlobals) = postSolution
		SolutionGuid = {0DA6EF79-A176-4264-8956-811E8CDA426F}
	EndGlobalSection
EndGlobal
